
Microsoft Visual Studio Solution File, Format Version 12.00
# Visual Studio Version 17
VisualStudioVersion = 17.14.37111.16 d17.14
MinimumVisualStudioVersion = 10.0.40219.1
Project("{FAE04EC0-301F-11D3-BF4B-00C04F79EFBC}") = "QuanLiNhanSu", "QuanLiNhanSu\QuanLiNhanSu.csproj", "{CFD9B5CE-9A80-4A53-91D3-58D934FE51CB}"
EndProject
Global
	GlobalSection(SolutionConfigurationPlatforms) = preSolution
		Debug|Any CPU = Debug|Any CPU
		Release|Any CPU = Release|Any CPU
	EndGlobalSection
	GlobalSection(ProjectConfigurationPlatforms) = postSolution
		{CFD9B5CE-9A80-4A53-91D3-58D934FE51CB}.Debug|Any CPU.ActiveCfg = Debug|Any CPU
		{CFD9B5CE-9A80-4A53-91D3-58D934FE51CB}.Debug|Any CPU.Build.0 = Debug|Any CPU
		{CFD9B5CE-9A80-4A53-91D3-58D934FE51CB}.Release|Any CPU.ActiveCfg = Release|Any CPU
		{CFD9B5CE-9A80-4A53-91D3-58D934FE51CB}.Release|Any CPU.Build.0 = Release|Any CPU
	EndGlobalSection
	GlobalSection(SolutionProperties) = preSolution
		HideSolutionNode = FALSE
	EndGlobalSection
	GlobalSection(ExtensibilityGlobals) = postSolution
		SolutionGuid = {3FB71508-5D21-45AB-B8FC-31D009060DA1}
	EndGlobalSection
EndGlobal
